
Microsoft Visual Studio Solution File, Format Version 12.00
# Visual Studio Version 17
VisualStudioVersion = 17.8.34330.188
MinimumVisualStudioVersion = 10.0.40219.1
Project("{FAE04EC0-301F-11D3-BF4B-00C04F79EFBC}") = "CodeMarker", "src\CodeMarker\CodeMarker.csproj", "{AF7CC6CA-65AA-4108-8A08-62F9881B609A}"
EndProject
Global
	GlobalSection(SolutionConfigurationPlatforms) = preSolution
		Debug|Any CPU = Debug|Any CPU
		Release|Any CPU = Release|Any CPU
	EndGlobalSection
	GlobalSection(ProjectConfigurationPlatforms) = postSolution
		{AF7CC6CA-65AA-4108-8A08-62F9881B609A}.Debug|Any CPU.ActiveCfg = Debug|Any CPU
		{AF7CC6CA-65AA-4108-8A08-62F9881B609A}.Debug|Any CPU.Build.0 = Debug|Any CPU
		{AF7CC6CA-65AA-4108-8A08-62F9881B609A}.Release|Any CPU.ActiveCfg = Release|Any CPU
		{AF7CC6CA-65AA-4108-8A08-62F9881B609A}.Release|Any CPU.Build.0 = Release|Any CPU
	EndGlobalSection
	GlobalSection(SolutionProperties) = preSolution
		HideSolutionNode = FALSE
	EndGlobalSection
	GlobalSection(ExtensibilityGlobals) = postSolution
		SolutionGuid = {5A0189FE-C37E-4AA3-84C2-95264B6A702F}
	EndGlobalSection
EndGlobal
