{
  "version": 1,
  "dependencies": {
    "net8.0-windows7.0": {
      "AvalonEdit": {
        "type": "Direct",
        "requested": "[6.3.0.90, )",
        "resolved": "6.3.0.90",
        "contentHash": "WVTb5MxwGqKdeasd3nG5udlV4t6OpvkFanziwI133K0/QJ5FvZmfzRQgpAjGTJhQfIA8GP7AzKQ3sTY9JOFk8Q=="
      },
      "CommandLineParser": {
        "type": "Direct",
        "requested": "[2.9.1, )",
        "resolved": "2.9.1",
        "contentHash": "OE0sl1/sQ37bjVsPKKtwQlWDgqaxWgtme3xZz7JssWUzg5JpMIyHgCTY9MVMxOg48fJ1AgGT3tgdH5m/kQ5xhA=="
      },
      "Dirkster.HL": {
        "type": "Direct",
        "requested": "[1.0.4, )",
        "resolved": "1.0.4",
        "contentHash": "kTWyMvrqBTx2+B4lde2r4ZEmgafi2UX/e/hk+MgUhLDKPBXjP9L1lvvs3CxMdx0jpkarXQv4JAp27nxDuwZVeA==",
        "dependencies": {
          "AvalonEdit": "6.0.1"
        }
      },
      "SharpVectors.Wpf": {
        "type": "Direct",
        "requested": "[1.8.2, )",
        "resolved": "1.8.2",
        "contentHash": "dIj4fG2oF4vcSEDqepy2IuJkUay8muYF2zqtB2l5FCahwklVHrCEDxReFi6ak3ioFDRRmNJhQz7wpAboU/pG6Q=="
      }
    }
  }
}